// !$*UTF8*$!
{
	archiveVersion = 1;
	classes = {
	};
	objectVersion = 56;
	objects = {

/* Begin PBXBuildFile section */
		9928518A29535203009FEED2 /* TyperventilateWriterApp.swift in Sources */ = {isa = PBXBuildFile; fileRef = 9928518929535203009FEED2 /* TyperventilateWriterApp.swift */; };
		9928518C29535203009FEED2 /* ContentView.swift in Sources */ = {isa = PBXBuildFile; fileRef = 9928518B29535203009FEED2 /* ContentView.swift */; };
		9928518E29535204009FEED2 /* Assets.xcassets in Resources */ = {isa = PBXBuildFile; fileRef = 9928518D29535204009FEED2 /* Assets.xcassets */; };
		9928519229535204009FEED2 /* Preview Assets.xcassets in Resources */ = {isa = PBXBuildFile; fileRef = 9928519129535204009FEED2 /* Preview Assets.xcassets */; };
		9928519C29535205009FEED2 /* TyperventilateWriterTests.swift in Sources */ = {isa = PBXBuildFile; fileRef = 9928519B29535205009FEED2 /* TyperventilateWriterTests.swift */; };
		992851A629535205009FEED2 /* TyperventilateWriterUITests.swift in Sources */ = {isa = PBXBuildFile; fileRef = 992851A529535205009FEED2 /* TyperventilateWriterUITests.swift */; };
		992851A829535205009FEED2 /* TyperventilateWriterUITestsLaunchTests.swift in Sources */ = {isa = PBXBuildFile; fileRef = 992851A729535205009FEED2 /* TyperventilateWriterUITestsLaunchTests.swift */; };
/* End PBXBuildFile section */

/* Begin PBXContainerItemProxy section */
		9928519829535205009FEED2 /* PBXContainerItemProxy */ = {
			isa = PBXContainerItemProxy;
			containerPortal = 9928517E29535203009FEED2 /* Project object */;
			proxyType = 1;
			remoteGlobalIDString = 9928518529535203009FEED2;
			remoteInfo = TyperventilateWriter;
		};
		992851A229535205009FEED2 /* PBXContainerItemProxy */ = {
			isa = PBXContainerItemProxy;
			containerPortal = 9928517E29535203009FEED2 /* Project object */;
			proxyType = 1;
			remoteGlobalIDString = 9928518529535203009FEED2;
			remoteInfo = TyperventilateWriter;
		};
/* End PBXContainerItemProxy section */

/* Begin PBXFileReference section */
		9928518629535203009FEED2 /* TyperventilateWriter.app */ = {isa = PBXFileReference; explicitFileType = wrapper.application; includeInIndex = 0; path = TyperventilateWriter.app; sourceTree = BUILT_PRODUCTS_DIR; };
		9928518929535203009FEED2 /* TyperventilateWriterApp.swift */ = {isa = PBXFileReference; lastKnownFileType = sourcecode.swift; path = TyperventilateWriterApp.swift; sourceTree = "<group>"; };
		9928518B29535203009FEED2 /* ContentView.swift */ = {isa = PBXFileReference; lastKnownFileType = sourcecode.swift; path = ContentView.swift; sourceTree = "<group>"; };
		9928518D29535204009FEED2 /* Assets.xcassets */ = {isa = PBXFileReference; lastKnownFileType = folder.assetcatalog; path = Assets.xcassets; sourceTree = "<group>"; };
		9928518F29535204009FEED2 /* TyperventilateWriter.entitlements */ = {isa = PBXFileReference; lastKnownFileType = text.plist.entitlements; path = TyperventilateWriter.entitlements; sourceTree = "<group>"; };
		9928519129535204009FEED2 /* Preview Assets.xcassets */ = {isa = PBXFileReference; lastKnownFileType = folder.assetcatalog; path = "Preview Assets.xcassets"; sourceTree = "<group>"; };
		9928519729535205009FEED2 /* TyperventilateWriterTests.xctest */ = {isa = PBXFileReference; explicitFileType = wrapper.cfbundle; includeInIndex = 0; path = TyperventilateWriterTests.xctest; sourceTree = BUILT_PRODUCTS_DIR; };
		9928519B29535205009FEED2 /* TyperventilateWriterTests.swift */ = {isa = PBXFileReference; lastKnownFileType = sourcecode.swift; path = TyperventilateWriterTests.swift; sourceTree = "<group>"; };
		992851A129535205009FEED2 /* TyperventilateWriterUITests.xctest */ = {isa = PBXFileReference; explicitFileType = wrapper.cfbundle; includeInIndex = 0; path = TyperventilateWriterUITests.xctest; sourceTree = BUILT_PRODUCTS_DIR; };
		992851A529535205009FEED2 /* TyperventilateWriterUITests.swift */ = {isa = PBXFileReference; lastKnownFileType = sourcecode.swift; path = TyperventilateWriterUITests.swift; sourceTree = "<group>"; };
		992851A729535205009FEED2 /* TyperventilateWriterUITestsLaunchTests.swift */ = {isa = PBXFileReference; lastKnownFileType = sourcecode.swift; path = TyperventilateWriterUITestsLaunchTests.swift; sourceTree = "<group>"; };
/* End PBXFileReference section */

/* Begin PBXFrameworksBuildPhase section */
		9928518329535203009FEED2 /* Frameworks */ = {
			isa = PBXFrameworksBuildPhase;
			buildActionMask = 2147483647;
			files = (
			);
			runOnlyForDeploymentPostprocessing = 0;
		};
		9928519429535205009FEED2 /* Frameworks */ = {
			isa = PBXFrameworksBuildPhase;
			buildActionMask = 2147483647;
			files = (
			);
			runOnlyForDeploymentPostprocessing = 0;
		};
		9928519E29535205009FEED2 /* Frameworks */ = {
			isa = PBXFrameworksBuildPhase;
			buildActionMask = 2147483647;
			files = (
			);
			runOnlyForDeploymentPostprocessing = 0;
		};
/* End PBXFrameworksBuildPhase section */

/* Begin PBXGroup section */
		9928517D29535203009FEED2 = {
			isa = PBXGroup;
			children = (
				9928518829535203009FEED2 /* TyperventilateWriter */,
				9928519A29535205009FEED2 /* TyperventilateWriterTests */,
				992851A429535205009FEED2 /* TyperventilateWriterUITests */,
				9928518729535203009FEED2 /* Products */,
			);
			sourceTree = "<group>";
		};
		9928518729535203009FEED2 /* Products */ = {
			isa = PBXGroup;
			children = (
				9928518629535203009FEED2 /* TyperventilateWriter.app */,
				9928519729535205009FEED2 /* TyperventilateWriterTests.xctest */,
				992851A129535205009FEED2 /* TyperventilateWriterUITests.xctest */,
			);
			name = Products;
			sourceTree = "<group>";
		};
		9928518829535203009FEED2 /* TyperventilateWriter */ = {
			isa = PBXGroup;
			children = (
				9928518929535203009FEED2 /* TyperventilateWriterApp.swift */,
				9928518B29535203009FEED2 /* ContentView.swift */,
				9928518D29535204009FEED2 /* Assets.xcassets */,
				9928518F29535204009FEED2 /* TyperventilateWriter.entitlements */,
				9928519029535204009FEED2 /* Preview Content */,
			);
			path = TyperventilateWriter;
			sourceTree = "<group>";
		};
		9928519029535204009FEED2 /* Preview Content */ = {
			isa = PBXGroup;
			children = (
				9928519129535204009FEED2 /* Preview Assets.xcassets */,
			);
			path = "Preview Content";
			sourceTree = "<group>";
		};
		9928519A29535205009FEED2 /* TyperventilateWriterTests */ = {
			isa = PBXGroup;
			children = (
				9928519B29535205009FEED2 /* TyperventilateWriterTests.swift */,
			);
			path = TyperventilateWriterTests;
			sourceTree = "<group>";
		};
		992851A429535205009FEED2 /* TyperventilateWriterUITests */ = {
			isa = PBXGroup;
			children = (
				992851A529535205009FEED2 /* TyperventilateWriterUITests.swift */,
				992851A729535205009FEED2 /* TyperventilateWriterUITestsLaunchTests.swift */,
			);
			path = TyperventilateWriterUITests;
			sourceTree = "<group>";
		};
/* End PBXGroup section */

/* Begin PBXNativeTarget section */
		9928518529535203009FEED2 /* TyperventilateWriter */ = {
			isa = PBXNativeTarget;
			buildConfigurationList = 992851AB29535205009FEED2 /* Build configuration list for PBXNativeTarget "TyperventilateWriter" */;
			buildPhases = (
				9928518229535203009FEED2 /* Sources */,
				9928518329535203009FEED2 /* Frameworks */,
				9928518429535203009FEED2 /* Resources */,
			);
			buildRules = (
			);
			dependencies = (
			);
			name = TyperventilateWriter;
			productName = TyperventilateWriter;
			productReference = 9928518629535203009FEED2 /* TyperventilateWriter.app */;
			productType = "com.apple.product-type.application";
		};
		9928519629535205009FEED2 /* TyperventilateWriterTests */ = {
			isa = PBXNativeTarget;
			buildConfigurationList = 992851AE29535205009FEED2 /* Build configuration list for PBXNativeTarget "TyperventilateWriterTests" */;
			buildPhases = (
				9928519329535205009FEED2 /* Sources */,
				9928519429535205009FEED2 /* Frameworks */,
				9928519529535205009FEED2 /* Resources */,
			);
			buildRules = (
			);
			dependencies = (
				9928519929535205009FEED2 /* PBXTargetDependency */,
			);
			name = TyperventilateWriterTests;
			productName = TyperventilateWriterTests;
			productReference = 9928519729535205009FEED2 /* TyperventilateWriterTests.xctest */;
			productType = "com.apple.product-type.bundle.unit-test";
		};
		992851A029535205009FEED2 /* TyperventilateWriterUITests */ = {
			isa = PBXNativeTarget;
			buildConfigurationList = 992851B129535205009FEED2 /* Build configuration list for PBXNativeTarget "TyperventilateWriterUITests" */;
			buildPhases = (
				9928519D29535205009FEED2 /* Sources */,
				9928519E29535205009FEED2 /* Frameworks */,
				9928519F29535205009FEED2 /* Resources */,
			);
			buildRules = (
			);
			dependencies = (
				992851A329535205009FEED2 /* PBXTargetDependency */,
			);
			name = TyperventilateWriterUITests;
			productName = TyperventilateWriterUITests;
			productReference = 992851A129535205009FEED2 /* TyperventilateWriterUITests.xctest */;
			productType = "com.apple.product-type.bundle.ui-testing";
		};
/* End PBXNativeTarget section */

/* Begin PBXProject section */
		9928517E29535203009FEED2 /* Project object */ = {
			isa = PBXProject;
			attributes = {
				BuildIndependentTargetsInParallel = 1;
				LastSwiftUpdateCheck = 1420;
				LastUpgradeCheck = 1420;
				TargetAttributes = {
					9928518529535203009FEED2 = {
						CreatedOnToolsVersion = 14.2;
					};
					9928519629535205009FEED2 = {
						CreatedOnToolsVersion = 14.2;
						TestTargetID = 9928518529535203009FEED2;
					};
					992851A029535205009FEED2 = {
						CreatedOnToolsVersion = 14.2;
						TestTargetID = 9928518529535203009FEED2;
					};
				};
			};
			buildConfigurationList = 9928518129535203009FEED2 /* Build configuration list for PBXProject "TyperventilateWriter" */;
			compatibilityVersion = "Xcode 14.0";
			developmentRegion = en;
			hasScannedForEncodings = 0;
			knownRegions = (
				en,
				Base,
			);
			mainGroup = 9928517D29535203009FEED2;
			productRefGroup = 9928518729535203009FEED2 /* Products */;
			projectDirPath = "";
			projectRoot = "";
			targets = (
				9928518529535203009FEED2 /* TyperventilateWriter */,
				9928519629535205009FEED2 /* TyperventilateWriterTests */,
				992851A029535205009FEED2 /* TyperventilateWriterUITests */,
			);
		};
/* End PBXProject section */

/* Begin PBXResourcesBuildPhase section */
		9928518429535203009FEED2 /* Resources */ = {
			isa = PBXResourcesBuildPhase;
			buildActionMask = 2147483647;
			files = (
				9928519229535204009FEED2 /* Preview Assets.xcassets in Resources */,
				9928518E29535204009FEED2 /* Assets.xcassets in Resources */,
			);
			runOnlyForDeploymentPostprocessing = 0;
		};
		9928519529535205009FEED2 /* Resources */ = {
			isa = PBXResourcesBuildPhase;
			buildActionMask = 2147483647;
			files = (
			);
			runOnlyForDeploymentPostprocessing = 0;
		};
		9928519F29535205009FEED2 /* Resources */ = {
			isa = PBXResourcesBuildPhase;
			buildActionMask = 2147483647;
			files = (
			);
			runOnlyForDeploymentPostprocessing = 0;
		};
/* End PBXResourcesBuildPhase section */

/* Begin PBXSourcesBuildPhase section */
		9928518229535203009FEED2 /* Sources */ = {
			isa = PBXSourcesBuildPhase;
			buildActionMask = 2147483647;
			files = (
				9928518C29535203009FEED2 /* ContentView.swift in Sources */,
				9928518A29535203009FEED2 /* TyperventilateWriterApp.swift in Sources */,
			);
			runOnlyForDeploymentPostprocessing = 0;
		};
		9928519329535205009FEED2 /* Sources */ = {
			isa = PBXSourcesBuildPhase;
			buildActionMask = 2147483647;
			files = (
				9928519C29535205009FEED2 /* TyperventilateWriterTests.swift in Sources */,
			);
			runOnlyForDeploymentPostprocessing = 0;
		};
		9928519D29535205009FEED2 /* Sources */ = {
			isa = PBXSourcesBuildPhase;
			buildActionMask = 2147483647;
			files = (
				992851A629535205009FEED2 /* TyperventilateWriterUITests.swift in Sources */,
				992851A829535205009FEED2 /* TyperventilateWriterUITestsLaunchTests.swift in Sources */,
			);
			runOnlyForDeploymentPostprocessing = 0;
		};
/* End PBXSourcesBuildPhase section */

/* Begin PBXTargetDependency section */
		9928519929535205009FEED2 /* PBXTargetDependency */ = {
			isa = PBXTargetDependency;
			target = 9928518529535203009FEED2 /* TyperventilateWriter */;
			targetProxy = 9928519829535205009FEED2 /* PBXContainerItemProxy */;
		};
		992851A329535205009FEED2 /* PBXTargetDependency */ = {
			isa = PBXTargetDependency;
			target = 9928518529535203009FEED2 /* TyperventilateWriter */;
			targetProxy = 992851A229535205009FEED2 /* PBXContainerItemProxy */;
		};
/* End PBXTargetDependency section */

/* Begin XCBuildConfiguration section */
		992851A929535205009FEED2 /* Debug */ = {
			isa = XCBuildConfiguration;
			buildSettings = {
				ALWAYS_SEARCH_USER_PATHS = NO;
				CLANG_ANALYZER_NONNULL = YES;
				CLANG_ANALYZER_NUMBER_OBJECT_CONVERSION = YES_AGGRESSIVE;
				CLANG_CXX_LANGUAGE_STANDARD = "gnu++20";
				CLANG_ENABLE_MODULES = YES;
				CLANG_ENABLE_OBJC_ARC = YES;
				CLANG_ENABLE_OBJC_WEAK = YES;
				CLANG_WARN_BLOCK_CAPTURE_AUTORELEASING = YES;
				CLANG_WARN_BOOL_CONVERSION = YES;
				CLANG_WARN_COMMA = YES;
				CLANG_WARN_CONSTANT_CONVERSION = YES;
				CLANG_WARN_DEPRECATED_OBJC_IMPLEMENTATIONS = YES;
				CLANG_WARN_DIRECT_OBJC_ISA_USAGE = YES_ERROR;
				CLANG_WARN_DOCUMENTATION_COMMENTS = YES;
				CLANG_WARN_EMPTY_BODY = YES;
				CLANG_WARN_ENUM_CONVERSION = YES;
				CLANG_WARN_INFINITE_RECURSION = YES;
				CLANG_WARN_INT_CONVERSION = YES;
				CLANG_WARN_NON_LITERAL_NULL_CONVERSION = YES;
				CLANG_WARN_OBJC_IMPLICIT_RETAIN_SELF = YES;
				CLANG_WARN_OBJC_LITERAL_CONVERSION = YES;
				CLANG_WARN_OBJC_ROOT_CLASS = YES_ERROR;
				CLANG_WARN_QUOTED_INCLUDE_IN_FRAMEWORK_HEADER = YES;
				CLANG_WARN_RANGE_LOOP_ANALYSIS = YES;
				CLANG_WARN_STRICT_PROTOTYPES = YES;
				CLANG_WARN_SUSPICIOUS_MOVE = YES;
				CLANG_WARN_UNGUARDED_AVAILABILITY = YES_AGGRESSIVE;
				CLANG_WARN_UNREACHABLE_CODE = YES;
				CLANG_WARN__DUPLICATE_METHOD_MATCH = YES;
				COPY_PHASE_STRIP = NO;
				DEBUG_INFORMATION_FORMAT = dwarf;
				ENABLE_STRICT_OBJC_MSGSEND = YES;
				ENABLE_TESTABILITY = YES;
				GCC_C_LANGUAGE_STANDARD = gnu11;
				GCC_DYNAMIC_NO_PIC = NO;
				GCC_NO_COMMON_BLOCKS = YES;
				GCC_OPTIMIZATION_LEVEL = 0;
				GCC_PREPROCESSOR_DEFINITIONS = (
					"DEBUG=1",
					"$(inherited)",
				);
				GCC_WARN_64_TO_32_BIT_CONVERSION = YES;
				GCC_WARN_ABOUT_RETURN_TYPE = YES_ERROR;
				GCC_WARN_UNDECLARED_SELECTOR = YES;
				GCC_WARN_UNINITIALIZED_AUTOS = YES_AGGRESSIVE;
				GCC_WARN_UNUSED_FUNCTION = YES;
				GCC_WARN_UNUSED_VARIABLE = YES;
				MTL_ENABLE_DEBUG_INFO = INCLUDE_SOURCE;
				MTL_FAST_MATH = YES;
				ONLY_ACTIVE_ARCH = YES;
				SWIFT_ACTIVE_COMPILATION_CONDITIONS = DEBUG;
				SWIFT_OPTIMIZATION_LEVEL = "-Onone";
			};
			name = Debug;
		};
		992851AA29535205009FEED2 /* Release */ = {
			isa = XCBuildConfiguration;
			buildSettings = {
				ALWAYS_SEARCH_USER_PATHS = NO;
				CLANG_ANALYZER_NONNULL = YES;
				CLANG_ANALYZER_NUMBER_OBJECT_CONVERSION = YES_AGGRESSIVE;
				CLANG_CXX_LANGUAGE_STANDARD = "gnu++20";
				CLANG_ENABLE_MODULES = YES;
				CLANG_ENABLE_OBJC_ARC = YES;
				CLANG_ENABLE_OBJC_WEAK = YES;
				CLANG_WARN_BLOCK_CAPTURE_AUTORELEASING = YES;
				CLANG_WARN_BOOL_CONVERSION = YES;
				CLANG_WARN_COMMA = YES;
				CLANG_WARN_CONSTANT_CONVERSION = YES;
				CLANG_WARN_DEPRECATED_OBJC_IMPLEMENTATIONS = YES;
				CLANG_WARN_DIRECT_OBJC_ISA_USAGE = YES_ERROR;
				CLANG_WARN_DOCUMENTATION_COMMENTS = YES;
				CLANG_WARN_EMPTY_BODY = YES;
				CLANG_WARN_ENUM_CONVERSION = YES;
				CLANG_WARN_INFINITE_RECURSION = YES;
				CLANG_WARN_INT_CONVERSION = YES;
				CLANG_WARN_NON_LITERAL_NULL_CONVERSION = YES;
				CLANG_WARN_OBJC_IMPLICIT_RETAIN_SELF = YES;
				CLANG_WARN_OBJC_LITERAL_CONVERSION = YES;
				CLANG_WARN_OBJC_ROOT_CLASS = YES_ERROR;
				CLANG_WARN_QUOTED_INCLUDE_IN_FRAMEWORK_HEADER = YES;
				CLANG_WARN_RANGE_LOOP_ANALYSIS = YES;
				CLANG_WARN_STRICT_PROTOTYPES = YES;
				CLANG_WARN_SUSPICIOUS_MOVE = YES;
				CLANG_WARN_UNGUARDED_AVAILABILITY = YES_AGGRESSIVE;
				CLANG_WARN_UNREACHABLE_CODE = YES;
				CLANG_WARN__DUPLICATE_METHOD_MATCH = YES;
				COPY_PHASE_STRIP = NO;
				DEBUG_INFORMATION_FORMAT = "dwarf-with-dsym";
				ENABLE_NS_ASSERTIONS = NO;
				ENABLE_STRICT_OBJC_MSGSEND = YES;
				GCC_C_LANGUAGE_STANDARD = gnu11;
				GCC_NO_COMMON_BLOCKS = YES;
				GCC_WARN_64_TO_32_BIT_CONVERSION = YES;
				GCC_WARN_ABOUT_RETURN_TYPE = YES_ERROR;
				GCC_WARN_UNDECLARED_SELECTOR = YES;
				GCC_WARN_UNINITIALIZED_AUTOS = YES_AGGRESSIVE;
				GCC_WARN_UNUSED_FUNCTION = YES;
				GCC_WARN_UNUSED_VARIABLE = YES;
				MTL_ENABLE_DEBUG_INFO = NO;
				MTL_FAST_MATH = YES;
				SWIFT_COMPILATION_MODE = wholemodule;
				SWIFT_OPTIMIZATION_LEVEL = "-O";
			};
			name = Release;
		};
		992851AC29535205009FEED2 /* Debug */ = {
			isa = XCBuildConfiguration;
			buildSettings = {
				ASSETCATALOG_COMPILER_APPICON_NAME = AppIcon;
				ASSETCATALOG_COMPILER_GLOBAL_ACCENT_COLOR_NAME = AccentColor;
				CODE_SIGN_ENTITLEMENTS = TyperventilateWriter/TyperventilateWriter.entitlements;
				CODE_SIGN_STYLE = Automatic;
				CURRENT_PROJECT_VERSION = 1;
				DEVELOPMENT_ASSET_PATHS = "\"TyperventilateWriter/Preview Content\"";
				ENABLE_PREVIEWS = YES;
				GENERATE_INFOPLIST_FILE = YES;
				"INFOPLIST_KEY_UIApplicationSceneManifest_Generation[sdk=iphoneos*]" = YES;
				"INFOPLIST_KEY_UIApplicationSceneManifest_Generation[sdk=iphonesimulator*]" = YES;
				"INFOPLIST_KEY_UIApplicationSupportsIndirectInputEvents[sdk=iphoneos*]" = YES;
				"INFOPLIST_KEY_UIApplicationSupportsIndirectInputEvents[sdk=iphonesimulator*]" = YES;
				"INFOPLIST_KEY_UILaunchScreen_Generation[sdk=iphoneos*]" = YES;
				"INFOPLIST_KEY_UILaunchScreen_Generation[sdk=iphonesimulator*]" = YES;
				"INFOPLIST_KEY_UIStatusBarStyle[sdk=iphoneos*]" = UIStatusBarStyleDefault;
				"INFOPLIST_KEY_UIStatusBarStyle[sdk=iphonesimulator*]" = UIStatusBarStyleDefault;
				INFOPLIST_KEY_UISupportedInterfaceOrientations_iPad = "UIInterfaceOrientationPortrait UIInterfaceOrientationPortraitUpsideDown UIInterfaceOrientationLandscapeLeft UIInterfaceOrientationLandscapeRight";
				INFOPLIST_KEY_UISupportedInterfaceOrientations_iPhone = "UIInterfaceOrientationPortrait UIInterfaceOrientationLandscapeLeft UIInterfaceOrientationLandscapeRight";
				IPHONEOS_DEPLOYMENT_TARGET = 16.2;
				LD_RUNPATH_SEARCH_PATHS = "@executable_path/Frameworks";
				"LD_RUNPATH_SEARCH_PATHS[sdk=macosx*]" = "@executable_path/../Frameworks";
				MACOSX_DEPLOYMENT_TARGET = 13.1;
				MARKETING_VERSION = 1.0;
				PRODUCT_BUNDLE_IDENTIFIER = com.rowdypixel.TyperventilateWriter;
				PRODUCT_NAME = "$(TARGET_NAME)";
				SDKROOT = auto;
				SUPPORTED_PLATFORMS = "iphoneos iphonesimulator macosx";
				SWIFT_EMIT_LOC_STRINGS = YES;
				SWIFT_VERSION = 5.0;
				TARGETED_DEVICE_FAMILY = "1,2";
			};
			name = Debug;
		};
		992851AD29535205009FEED2 /* Release */ = {
			isa = XCBuildConfiguration;
			buildSettings = {
				ASSETCATALOG_COMPILER_APPICON_NAME = AppIcon;
				ASSETCATALOG_COMPILER_GLOBAL_ACCENT_COLOR_NAME = AccentColor;
				CODE_SIGN_ENTITLEMENTS = TyperventilateWriter/TyperventilateWriter.entitlements;
				CODE_SIGN_STYLE = Automatic;
				CURRENT_PROJECT_VERSION = 1;
				DEVELOPMENT_ASSET_PATHS = "\"TyperventilateWriter/Preview Content\"";
				ENABLE_PREVIEWS = YES;
				GENERATE_INFOPLIST_FILE = YES;
				"INFOPLIST_KEY_UIApplicationSceneManifest_Generation[sdk=iphoneos*]" = YES;
				"INFOPLIST_KEY_UIApplicationSceneManifest_Generation[sdk=iphonesimulator*]" = YES;
				"INFOPLIST_KEY_UIApplicationSupportsIndirectInputEvents[sdk=iphoneos*]" = YES;
				"INFOPLIST_KEY_UIApplicationSupportsIndirectInputEvents[sdk=iphonesimulator*]" = YES;
				"INFOPLIST_KEY_UILaunchScreen_Generation[sdk=iphoneos*]" = YES;
				"INFOPLIST_KEY_UILaunchScreen_Generation[sdk=iphonesimulator*]" = YES;
				"INFOPLIST_KEY_UIStatusBarStyle[sdk=iphoneos*]" = UIStatusBarStyleDefault;
				"INFOPLIST_KEY_UIStatusBarStyle[sdk=iphonesimulator*]" = UIStatusBarStyleDefault;
				INFOPLIST_KEY_UISupportedInterfaceOrientations_iPad = "UIInterfaceOrientationPortrait UIInterfaceOrientationPortraitUpsideDown UIInterfaceOrientationLandscapeLeft UIInterfaceOrientationLandscapeRight";
				INFOPLIST_KEY_UISupportedInterfaceOrientations_iPhone = "UIInterfaceOrientationPortrait UIInterfaceOrientationLandscapeLeft UIInterfaceOrientationLandscapeRight";
				IPHONEOS_DEPLOYMENT_TARGET = 16.2;
				LD_RUNPATH_SEARCH_PATHS = "@executable_path/Frameworks";
				"LD_RUNPATH_SEARCH_PATHS[sdk=macosx*]" = "@executable_path/../Frameworks";
				MACOSX_DEPLOYMENT_TARGET = 13.1;
				MARKETING_VERSION = 1.0;
				PRODUCT_BUNDLE_IDENTIFIER = com.rowdypixel.TyperventilateWriter;
				PRODUCT_NAME = "$(TARGET_NAME)";
				SDKROOT = auto;
				SUPPORTED_PLATFORMS = "iphoneos iphonesimulator macosx";
				SWIFT_EMIT_LOC_STRINGS = YES;
				SWIFT_VERSION = 5.0;
				TARGETED_DEVICE_FAMILY = "1,2";
			};
			name = Release;
		};
		992851AF29535205009FEED2 /* Debug */ = {
			isa = XCBuildConfiguration;
			buildSettings = {
				ALWAYS_EMBED_SWIFT_STANDARD_LIBRARIES = YES;
				BUNDLE_LOADER = "$(TEST_HOST)";
				CODE_SIGN_STYLE = Automatic;
				CURRENT_PROJECT_VERSION = 1;
				GENERATE_INFOPLIST_FILE = YES;
				IPHONEOS_DEPLOYMENT_TARGET = 16.2;
				MACOSX_DEPLOYMENT_TARGET = 13.1;
				MARKETING_VERSION = 1.0;
				PRODUCT_BUNDLE_IDENTIFIER = com.rowdypixel.TyperventilateWriterTests;
				PRODUCT_NAME = "$(TARGET_NAME)";
				SDKROOT = auto;
				SUPPORTED_PLATFORMS = "iphoneos iphonesimulator macosx";
				SWIFT_EMIT_LOC_STRINGS = NO;
				SWIFT_VERSION = 5.0;
				TARGETED_DEVICE_FAMILY = "1,2";
				TEST_HOST = "$(BUILT_PRODUCTS_DIR)/TyperventilateWriter.app/$(BUNDLE_EXECUTABLE_FOLDER_PATH)/TyperventilateWriter";
			};
			name = Debug;
		};
		992851B029535205009FEED2 /* Release */ = {
			isa = XCBuildConfiguration;
			buildSettings = {
				ALWAYS_EMBED_SWIFT_STANDARD_LIBRARIES = YES;
				BUNDLE_LOADER = "$(TEST_HOST)";
				CODE_SIGN_STYLE = Automatic;
				CURRENT_PROJECT_VERSION = 1;
				GENERATE_INFOPLIST_FILE = YES;
				IPHONEOS_DEPLOYMENT_TARGET = 16.2;
				MACOSX_DEPLOYMENT_TARGET = 13.1;
				MARKETING_VERSION = 1.0;
				PRODUCT_BUNDLE_IDENTIFIER = com.rowdypixel.TyperventilateWriterTests;
				PRODUCT_NAME = "$(TARGET_NAME)";
				SDKROOT = auto;
				SUPPORTED_PLATFORMS = "iphoneos iphonesimulator macosx";
				SWIFT_EMIT_LOC_STRINGS = NO;
				SWIFT_VERSION = 5.0;
				TARGETED_DEVICE_FAMILY = "1,2";
				TEST_HOST = "$(BUILT_PRODUCTS_DIR)/TyperventilateWriter.app/$(BUNDLE_EXECUTABLE_FOLDER_PATH)/TyperventilateWriter";
			};
			name = Release;
		};
		992851B229535205009FEED2 /* Debug */ = {
			isa = XCBuildConfiguration;
			buildSettings = {
				ALWAYS_EMBED_SWIFT_STANDARD_LIBRARIES = YES;
				CODE_SIGN_STYLE = Automatic;
				CURRENT_PROJECT_VERSION = 1;
				GENERATE_INFOPLIST_FILE = YES;
				IPHONEOS_DEPLOYMENT_TARGET = 16.2;
				MACOSX_DEPLOYMENT_TARGET = 13.1;
				MARKETING_VERSION = 1.0;
				PRODUCT_BUNDLE_IDENTIFIER = com.rowdypixel.TyperventilateWriterUITests;
				PRODUCT_NAME = "$(TARGET_NAME)";
				SDKROOT = auto;
				SUPPORTED_PLATFORMS = "iphoneos iphonesimulator macosx";
				SWIFT_EMIT_LOC_STRINGS = NO;
				SWIFT_VERSION = 5.0;
				TARGETED_DEVICE_FAMILY = "1,2";
				TEST_TARGET_NAME = TyperventilateWriter;
			};
			name = Debug;
		};
		992851B329535205009FEED2 /* Release */ = {
			isa = XCBuildConfiguration;
			buildSettings = {
				ALWAYS_EMBED_SWIFT_STANDARD_LIBRARIES = YES;
				CODE_SIGN_STYLE = Automatic;
				CURRENT_PROJECT_VERSION = 1;
				GENERATE_INFOPLIST_FILE = YES;
				IPHONEOS_DEPLOYMENT_TARGET = 16.2;
				MACOSX_DEPLOYMENT_TARGET = 13.1;
				MARKETING_VERSION = 1.0;
				PRODUCT_BUNDLE_IDENTIFIER = com.rowdypixel.TyperventilateWriterUITests;
				PRODUCT_NAME = "$(TARGET_NAME)";
				SDKROOT = auto;
				SUPPORTED_PLATFORMS = "iphoneos iphonesimulator macosx";
				SWIFT_EMIT_LOC_STRINGS = NO;
				SWIFT_VERSION = 5.0;
				TARGETED_DEVICE_FAMILY = "1,2";
				TEST_TARGET_NAME = TyperventilateWriter;
			};
			name = Release;
		};
/* End XCBuildConfiguration section */

/* Begin XCConfigurationList section */
		9928518129535203009FEED2 /* Build configuration list for PBXProject "TyperventilateWriter" */ = {
			isa = XCConfigurationList;
			buildConfigurations = (
				992851A929535205009FEED2 /* Debug */,
				992851AA29535205009FEED2 /* Release */,
			);
			defaultConfigurationIsVisible = 0;
			defaultConfigurationName = Release;
		};
		992851AB29535205009FEED2 /* Build configuration list for PBXNativeTarget "TyperventilateWriter" */ = {
			isa = XCConfigurationList;
			buildConfigurations = (
				992851AC29535205009FEED2 /* Debug */,
				992851AD29535205009FEED2 /* Release */,
			);
			defaultConfigurationIsVisible = 0;
			defaultConfigurationName = Release;
		};
		992851AE29535205009FEED2 /* Build configuration list for PBXNativeTarget "TyperventilateWriterTests" */ = {
			isa = XCConfigurationList;
			buildConfigurations = (
				992851AF29535205009FEED2 /* Debug */,
				992851B029535205009FEED2 /* Release */,
			);
			defaultConfigurationIsVisible = 0;
			defaultConfigurationName = Release;
		};
		992851B129535205009FEED2 /* Build configuration list for PBXNativeTarget "TyperventilateWriterUITests" */ = {
			isa = XCConfigurationList;
			buildConfigurations = (
				992851B229535205009FEED2 /* Debug */,
				992851B329535205009FEED2 /* Release */,
			);
			defaultConfigurationIsVisible = 0;
			defaultConfigurationName = Release;
		};
/* End XCConfigurationList section */
	};
	rootObject = 9928517E29535203009FEED2 /* Project object */;
}
